
Microsoft Visual Studio Solution File, Format Version 12.00
# Visual Studio Version 16
VisualStudioVersion = 16.0.30907.101
MinimumVisualStudioVersion = 10.0.40219.1
Project("{FAE04EC0-301F-11D3-BF4B-00C04F79EFBC}") = "Assign1", "Assign1.csproj", "{1FC7F673-6124-4A5C-83FB-E1E2316ACF9E}"
EndProject
Global
	GlobalSection(SolutionConfigurationPlatforms) = preSolution
		Debug|Any CPU = Debug|Any CPU
		Release|Any CPU = Release|Any CPU
	EndGlobalSection
	GlobalSection(ProjectConfigurationPlatforms) = postSolution
		{1FC7F673-6124-4A5C-83FB-E1E2316ACF9E}.Debug|Any CPU.ActiveCfg = Debug|Any CPU
		{1FC7F673-6124-4A5C-83FB-E1E2316ACF9E}.Debug|Any CPU.Build.0 = Debug|Any CPU
		{1FC7F673-6124-4A5C-83FB-E1E2316ACF9E}.Release|Any CPU.ActiveCfg = Release|Any CPU
		{1FC7F673-6124-4A5C-83FB-E1E2316ACF9E}.Release|Any CPU.Build.0 = Release|Any CPU
	EndGlobalSection
	GlobalSection(SolutionProperties) = preSolution
		HideSolutionNode = FALSE
	EndGlobalSection
	GlobalSection(ExtensibilityGlobals) = postSolution
		SolutionGuid = {A442402B-1E0B-4E69-B0EC-BDB79715658E}
	EndGlobalSection
EndGlobal
